<?xml version="1.0" encoding="utf-8"?>
<Project ToolsVersion="4.0" xmlns="http://schemas.microsoft.com/developer/msbuild/2003">
  <ItemGroup>
    <Filter Include="Source Files">
      <UniqueIdentifier>{4FC737F1-C7A5-4376-A066-2A32D752A2FF}</UniqueIdentifier>
      <Extensions>cpp;c;cc;cxx;c++;cppm;ixx;def;odl;idl;hpj;bat;asm;asmx</Extensions>
    </Filter>
    <Filter Include="Header Files">
      <UniqueIdentifier>{93995380-89BD-4b04-88EB-625FBE52EBFB}</UniqueIdentifier>
      <Extensions>h;hh;hpp;hxx;h++;hm;inl;inc;ipp;xsd</Extensions>
    </Filter>
    <Filter Include="Resource Files">
      <UniqueIdentifier>{67DA6AB6-F800-4c08-8B7A-83BB121AAD01}</UniqueIdentifier>
      <Extensions>rc;ico;cur;bmp;dlg;rc2;rct;bin;rgs;gif;jpg;jpeg;jpe;resx;tiff;tif;png;wav;mfcribbon-ms</Extensions>
    </Filter>
    <Filter Include="Header Files\Core">
      <UniqueIdentifier>{6d10f2a5-f886-4dca-936c-7e6448230e3f}</UniqueIdentifier>
    </Filter>
    <Filter Include="Source Files\Core">
      <UniqueIdentifier>{42fa94a3-fe8b-4445-9c0d-c33de1288e57}</UniqueIdentifier>
    </Filter>
    <Filter Include="Header Files\Format">
      <UniqueIdentifier>{aa2b47f3-0eeb-4f55-82d2-206dfa41c218}</UniqueIdentifier>
    </Filter>
    <Filter Include="Source Files\Format">
      <UniqueIdentifier>{091efcf2-96fb-4bbb-b441-f0df8e6de871}</UniqueIdentifier>
    </Filter>
    <Filter Include="Header Files\Format\templates">
      <UniqueIdentifier>{8c3b4d82-e616-4f85-a6e9-815903196ec1}</UniqueIdentifier>
    </Filter>
    <Filter Include="Header Files\Core\templates">
      <UniqueIdentifier>{620cc6cf-caf7-401a-9005-8a8fb5ec524b}</UniqueIdentifier>
    </Filter>
  </ItemGroup>
  <ItemGroup>
    <ClInclude Include="..\..\include\Diskon\Core\Core.hpp">
      <Filter>Header Files\Core</Filter>
    </ClInclude>
    <ClInclude Include="..\..\include\Diskon\Core\types.hpp">
      <Filter>Header Files\Core</Filter>
    </ClInclude>
    <ClInclude Include="..\..\include\Diskon\Format\Format.hpp">
      <Filter>Header Files\Format</Filter>
    </ClInclude>
    <ClInclude Include="..\..\include\Diskon\Format\types.hpp">
      <Filter>Header Files\Format</Filter>
    </ClInclude>
    <ClInclude Include="..\..\include\Diskon\Format\Wave.hpp">
      <Filter>Header Files\Format</Filter>
    </ClInclude>
    <ClInclude Include="..\..\include\Diskon\Diskon.hpp">
      <Filter>Header Files</Filter>
    </ClInclude>
    <ClInclude Include="..\..\include\Diskon\Format\Riff.hpp">
      <Filter>Header Files\Format</Filter>
    </ClInclude>
    <ClInclude Include="..\..\include\Diskon\Format\templates\Wave.hpp">
      <Filter>Header Files\Format\templates</Filter>
    </ClInclude>
    <ClInclude Include="..\..\include\Diskon\Format\Xml.hpp">
      <Filter>Header Files\Format</Filter>
    </ClInclude>
    <ClInclude Include="..\..\include\Diskon\Core\FormatStream.hpp">
      <Filter>Header Files\Core</Filter>
    </ClInclude>
    <ClInclude Include="..\..\include\Diskon\Core\Int.hpp">
      <Filter>Header Files\Core</Filter>
    </ClInclude>
    <ClInclude Include="..\..\include\Diskon\Core\templates\Int.hpp">
      <Filter>Header Files\Core\templates</Filter>
    </ClInclude>
    <ClInclude Include="..\..\include\Diskon\Core\Float.hpp">
      <Filter>Header Files\Core</Filter>
    </ClInclude>
    <ClInclude Include="..\..\include\Diskon\Core\templates\Float.hpp">
      <Filter>Header Files\Core\templates</Filter>
    </ClInclude>
  </ItemGroup>
  <ItemGroup>
    <ClCompile Include="..\..\src\Diskon\Format\Wave.cpp">
      <Filter>Source Files\Format</Filter>
    </ClCompile>
    <ClCompile Include="..\..\src\Diskon\Format\Riff.cpp">
      <Filter>Source Files\Format</Filter>
    </ClCompile>
    <ClCompile Include="..\..\src\Diskon\Format\Xml.cpp">
      <Filter>Source Files\Format</Filter>
    </ClCompile>
    <ClCompile Include="..\..\src\Diskon\Core\FormatStream.cpp">
      <Filter>Source Files\Core</Filter>
    </ClCompile>
  </ItemGroup>
</Project>