<?xml version="1.0" encoding="utf-8"?>
<Project ToolsVersion="4.0" xmlns="http://schemas.microsoft.com/developer/msbuild/2003">
  <ItemGroup>
    <Filter Include="Source Files">
      <UniqueIdentifier>{4FC737F1-C7A5-4376-A066-2A32D752A2FF}</UniqueIdentifier>
      <Extensions>cpp;c;cc;cxx;c++;cppm;ixx;def;odl;idl;hpj;bat;asm;asmx</Extensions>
    </Filter>
    <Filter Include="Header Files">
      <UniqueIdentifier>{93995380-89BD-4b04-88EB-625FBE52EBFB}</UniqueIdentifier>
      <Extensions>h;hh;hpp;hxx;h++;hm;inl;inc;ipp;xsd</Extensions>
    </Filter>
    <Filter Include="Resource Files">
      <UniqueIdentifier>{67DA6AB6-F800-4c08-8B7A-83BB121AAD01}</UniqueIdentifier>
      <Extensions>rc;ico;cur;bmp;dlg;rc2;rct;bin;rgs;gif;jpg;jpeg;jpe;resx;tiff;tif;png;wav;mfcribbon-ms</Extensions>
    </Filter>
    <Filter Include="Header Files\Core">
      <UniqueIdentifier>{8f59e6a1-736d-4305-8b83-42a1bd41fe8b}</UniqueIdentifier>
    </Filter>
    <Filter Include="Header Files\Core\templates">
      <UniqueIdentifier>{8a0b5ab8-b653-44a5-93f7-e567ebc04a9c}</UniqueIdentifier>
    </Filter>
    <Filter Include="Source Files\Core">
      <UniqueIdentifier>{ba7564c9-5951-43cd-886e-b4d0d803f5c8}</UniqueIdentifier>
    </Filter>
    <Filter Include="Header Files\Format">
      <UniqueIdentifier>{3390af2c-33cc-430e-8d3a-25916a5ffa16}</UniqueIdentifier>
    </Filter>
    <Filter Include="Header Files\Format\templates">
      <UniqueIdentifier>{133c99ac-7bd6-4a23-b529-05a016c8cdc0}</UniqueIdentifier>
    </Filter>
    <Filter Include="Source Files\Format">
      <UniqueIdentifier>{c37d9763-d846-4e85-9e72-fefc1bc8cc2f}</UniqueIdentifier>
    </Filter>
  </ItemGroup>
  <ItemGroup>
    <ClInclude Include="..\..\include\Diskon\Diskon.hpp">
      <Filter>Header Files</Filter>
    </ClInclude>
    <ClInclude Include="..\..\include\Diskon\DiskonDecl.hpp">
      <Filter>Header Files</Filter>
    </ClInclude>
    <ClInclude Include="..\..\include\Diskon\DiskonTypes.hpp">
      <Filter>Header Files</Filter>
    </ClInclude>
    <ClInclude Include="..\..\include\Diskon\Core\Core.hpp">
      <Filter>Header Files\Core</Filter>
    </ClInclude>
    <ClInclude Include="..\..\include\Diskon\Core\CoreDecl.hpp">
      <Filter>Header Files\Core</Filter>
    </ClInclude>
    <ClInclude Include="..\..\include\Diskon\Core\CoreTypes.hpp">
      <Filter>Header Files\Core</Filter>
    </ClInclude>
    <ClInclude Include="..\..\include\Diskon\Core\Float.hpp">
      <Filter>Header Files\Core</Filter>
    </ClInclude>
    <ClInclude Include="..\..\include\Diskon\Core\Hash.hpp">
      <Filter>Header Files\Core</Filter>
    </ClInclude>
    <ClInclude Include="..\..\include\Diskon\Core\Huffman.hpp">
      <Filter>Header Files\Core</Filter>
    </ClInclude>
    <ClInclude Include="..\..\include\Diskon\Core\Int.hpp">
      <Filter>Header Files\Core</Filter>
    </ClInclude>
    <ClInclude Include="..\..\include\Diskon\Core\IntSat.hpp">
      <Filter>Header Files\Core</Filter>
    </ClInclude>
    <ClInclude Include="..\..\include\Diskon\Core\LookupMultitable.hpp">
      <Filter>Header Files\Core</Filter>
    </ClInclude>
    <ClInclude Include="..\..\include\Diskon\Core\Misc.hpp">
      <Filter>Header Files\Core</Filter>
    </ClInclude>
    <ClInclude Include="..\..\include\Diskon\Core\Stream.hpp">
      <Filter>Header Files\Core</Filter>
    </ClInclude>
    <ClInclude Include="..\..\include\Diskon\Core\templates\Float.hpp">
      <Filter>Header Files\Core\templates</Filter>
    </ClInclude>
    <ClInclude Include="..\..\include\Diskon\Core\templates\Hash.hpp">
      <Filter>Header Files\Core\templates</Filter>
    </ClInclude>
    <ClInclude Include="..\..\include\Diskon\Core\templates\Huffman.hpp">
      <Filter>Header Files\Core\templates</Filter>
    </ClInclude>
    <ClInclude Include="..\..\include\Diskon\Core\templates\Int.hpp">
      <Filter>Header Files\Core\templates</Filter>
    </ClInclude>
    <ClInclude Include="..\..\include\Diskon\Core\templates\IntSat.hpp">
      <Filter>Header Files\Core\templates</Filter>
    </ClInclude>
    <ClInclude Include="..\..\include\Diskon\Core\templates\LookupMultitable.hpp">
      <Filter>Header Files\Core\templates</Filter>
    </ClInclude>
    <ClInclude Include="..\..\include\Diskon\Core\templates\Misc.hpp">
      <Filter>Header Files\Core\templates</Filter>
    </ClInclude>
    <ClInclude Include="..\..\include\Diskon\Core\templates\Stream.hpp">
      <Filter>Header Files\Core\templates</Filter>
    </ClInclude>
    <ClInclude Include="..\..\include\Diskon\Format\Deflate.hpp">
      <Filter>Header Files\Format</Filter>
    </ClInclude>
    <ClInclude Include="..\..\include\Diskon\Format\Format.hpp">
      <Filter>Header Files\Format</Filter>
    </ClInclude>
    <ClInclude Include="..\..\include\Diskon\Format\FormatDecl.hpp">
      <Filter>Header Files\Format</Filter>
    </ClInclude>
    <ClInclude Include="..\..\include\Diskon\Format\FormatStream.hpp">
      <Filter>Header Files\Format</Filter>
    </ClInclude>
    <ClInclude Include="..\..\include\Diskon\Format\FormatTypes.hpp">
      <Filter>Header Files\Format</Filter>
    </ClInclude>
    <ClInclude Include="..\..\include\Diskon\Format\Obj.hpp">
      <Filter>Header Files\Format</Filter>
    </ClInclude>
    <ClInclude Include="..\..\include\Diskon\Format\Png.hpp">
      <Filter>Header Files\Format</Filter>
    </ClInclude>
    <ClInclude Include="..\..\include\Diskon\Format\Pnm.hpp">
      <Filter>Header Files\Format</Filter>
    </ClInclude>
    <ClInclude Include="..\..\include\Diskon\Format\Riff.hpp">
      <Filter>Header Files\Format</Filter>
    </ClInclude>
    <ClInclude Include="..\..\include\Diskon\Format\Wave.hpp">
      <Filter>Header Files\Format</Filter>
    </ClInclude>
    <ClInclude Include="..\..\include\Diskon\Format\Xml.hpp">
      <Filter>Header Files\Format</Filter>
    </ClInclude>
    <ClInclude Include="..\..\include\Diskon\Format\Zlib.hpp">
      <Filter>Header Files\Format</Filter>
    </ClInclude>
    <ClInclude Include="..\..\include\Diskon\Format\templates\Png.hpp">
      <Filter>Header Files\Format\templates</Filter>
    </ClInclude>
    <ClInclude Include="..\..\include\Diskon\Format\templates\Riff.hpp">
      <Filter>Header Files\Format\templates</Filter>
    </ClInclude>
    <ClInclude Include="..\..\include\Diskon\Format\templates\Wave.hpp">
      <Filter>Header Files\Format\templates</Filter>
    </ClInclude>
  </ItemGroup>
  <ItemGroup>
    <ClCompile Include="..\..\src\Diskon\Core\Stream.cpp">
      <Filter>Source Files\Core</Filter>
    </ClCompile>
    <ClCompile Include="..\..\src\Diskon\Format\Deflate.cpp">
      <Filter>Source Files\Format</Filter>
    </ClCompile>
    <ClCompile Include="..\..\src\Diskon\Format\FormatStream.cpp">
      <Filter>Source Files\Format</Filter>
    </ClCompile>
    <ClCompile Include="..\..\src\Diskon\Format\Obj.cpp">
      <Filter>Source Files\Format</Filter>
    </ClCompile>
    <ClCompile Include="..\..\src\Diskon\Format\Png.cpp">
      <Filter>Source Files\Format</Filter>
    </ClCompile>
    <ClCompile Include="..\..\src\Diskon\Format\Pnm.cpp">
      <Filter>Source Files\Format</Filter>
    </ClCompile>
    <ClCompile Include="..\..\src\Diskon\Format\Riff.cpp">
      <Filter>Source Files\Format</Filter>
    </ClCompile>
    <ClCompile Include="..\..\src\Diskon\Format\Wave.cpp">
      <Filter>Source Files\Format</Filter>
    </ClCompile>
    <ClCompile Include="..\..\src\Diskon\Format\Xml.cpp">
      <Filter>Source Files\Format</Filter>
    </ClCompile>
    <ClCompile Include="..\..\src\Diskon\Format\Zlib.cpp">
      <Filter>Source Files\Format</Filter>
    </ClCompile>
  </ItemGroup>
</Project>