
Microsoft Visual Studio Solution File, Format Version 12.00
# Visual Studio Version 16
VisualStudioVersion = 16.0.31624.102
MinimumVisualStudioVersion = 10.0.40219.1
Project("{8BC9CEB8-8B4A-11D0-8D11-00A0C91BC942}") = "Diskon", "vs\Diskon\Diskon.vcxproj", "{BEE84319-AF0A-4599-B1BB-A395F9F34120}"
EndProject
Project("{8BC9CEB8-8B4A-11D0-8D11-00A0C91BC942}") = "DiskonExamples", "vs\DiskonExamples\DiskonExamples.vcxproj", "{273090D6-506B-42D8-A911-DDA3CFF1AE84}"
EndProject
Global
	GlobalSection(SolutionConfigurationPlatforms) = preSolution
		Debug|x64 = Debug|x64
		Debug|x86 = Debug|x86
		Release|x64 = Release|x64
		Release|x86 = Release|x86
	EndGlobalSection
	GlobalSection(ProjectConfigurationPlatforms) = postSolution
		{BEE84319-AF0A-4599-B1BB-A395F9F34120}.Debug|x64.ActiveCfg = Debug|x64
		{BEE84319-AF0A-4599-B1BB-A395F9F34120}.Debug|x64.Build.0 = Debug|x64
		{BEE84319-AF0A-4599-B1BB-A395F9F34120}.Debug|x86.ActiveCfg = Debug|Win32
		{BEE84319-AF0A-4599-B1BB-A395F9F34120}.Debug|x86.Build.0 = Debug|Win32
		{BEE84319-AF0A-4599-B1BB-A395F9F34120}.Release|x64.ActiveCfg = Release|x64
		{BEE84319-AF0A-4599-B1BB-A395F9F34120}.Release|x64.Build.0 = Release|x64
		{BEE84319-AF0A-4599-B1BB-A395F9F34120}.Release|x86.ActiveCfg = Release|Win32
		{BEE84319-AF0A-4599-B1BB-A395F9F34120}.Release|x86.Build.0 = Release|Win32
		{273090D6-506B-42D8-A911-DDA3CFF1AE84}.Debug|x64.ActiveCfg = Debug|x64
		{273090D6-506B-42D8-A911-DDA3CFF1AE84}.Debug|x64.Build.0 = Debug|x64
		{273090D6-506B-42D8-A911-DDA3CFF1AE84}.Debug|x86.ActiveCfg = Debug|Win32
		{273090D6-506B-42D8-A911-DDA3CFF1AE84}.Debug|x86.Build.0 = Debug|Win32
		{273090D6-506B-42D8-A911-DDA3CFF1AE84}.Release|x64.ActiveCfg = Release|x64
		{273090D6-506B-42D8-A911-DDA3CFF1AE84}.Release|x64.Build.0 = Release|x64
		{273090D6-506B-42D8-A911-DDA3CFF1AE84}.Release|x86.ActiveCfg = Release|Win32
		{273090D6-506B-42D8-A911-DDA3CFF1AE84}.Release|x86.Build.0 = Release|Win32
	EndGlobalSection
	GlobalSection(SolutionProperties) = preSolution
		HideSolutionNode = FALSE
	EndGlobalSection
	GlobalSection(ExtensibilityGlobals) = postSolution
		SolutionGuid = {4EF8D445-F671-4600-94C9-7DC4606DDACC}
	EndGlobalSection
EndGlobal
